
Microsoft Visual Studio Solution File, Format Version 12.00
# Visual Studio 15
VisualStudioVersion = 15.0.28307.1433
MinimumVisualStudioVersion = 10.0.40219.1
Project("{D2ABAB84-BF74-430A-B69E-9DC6D40DDA17}") = "lab2", "lab2\lab2.dwproj", "{43BB6D3D-5CCE-4B55-A269-DA358A922C5F}"
EndProject
Global
	GlobalSection(SolutionConfigurationPlatforms) = preSolution
		Development|Default = Development|Default
	EndGlobalSection
	GlobalSection(ProjectConfigurationPlatforms) = postSolution
		{43BB6D3D-5CCE-4B55-A269-DA358A922C5F}.Development|Default.ActiveCfg = Development
		{43BB6D3D-5CCE-4B55-A269-DA358A922C5F}.Development|Default.Build.0 = Development
		{43BB6D3D-5CCE-4B55-A269-DA358A922C5F}.Development|Default.Deploy.0 = Development
	EndGlobalSection
	GlobalSection(SolutionProperties) = preSolution
		HideSolutionNode = FALSE
	EndGlobalSection
	GlobalSection(ExtensibilityGlobals) = postSolution
		SolutionGuid = {0E1BAAD6-3804-434A-80FB-F4FD21D081A3}
	EndGlobalSection
EndGlobal
